// !$*UTF8*$!
{
	archiveVersion = 1;
	classes = {
	};
	objectVersion = 46;
	objects = {

/* Begin PBXBuildFile section */
		5DEA98F51562D6A600F7AA40 /* UIKit.framework in Frameworks */ = {isa = PBXBuildFile; fileRef = 5DEA98F41562D6A600F7AA40 /* UIKit.framework */; };
		5DEA98F71562D6A600F7AA40 /* Foundation.framework in Frameworks */ = {isa = PBXBuildFile; fileRef = 5DEA98F61562D6A600F7AA40 /* Foundation.framework */; };
		5DEA98F91562D6A600F7AA40 /* CoreGraphics.framework in Frameworks */ = {isa = PBXBuildFile; fileRef = 5DEA98F81562D6A600F7AA40 /* CoreGraphics.framework */; };
		5DEA99101562D6F500F7AA40 /* RootViewController.xib in Resources */ = {isa = PBXBuildFile; fileRef = 5DEA990C1562D6F500F7AA40 /* RootViewController.xib */; };
		5DEA99111562D6F500F7AA40 /* MainWindow.xib in Resources */ = {isa = PBXBuildFile; fileRef = 5DEA990D1562D6F500F7AA40 /* MainWindow.xib */; };
		5DEA99121562D6F500F7AA40 /* DetailViewController.xib in Resources */ = {isa = PBXBuildFile; fileRef = 5DEA990E1562D6F500F7AA40 /* DetailViewController.xib */; };
		5DEA99131562D6F500F7AA40 /* InfoViewController.xib in Resources */ = {isa = PBXBuildFile; fileRef = 5DEA990F1562D6F500F7AA40 /* InfoViewController.xib */; };
		5DEA99241562D75B00F7AA40 /* MessageUI.framework in Frameworks */ = {isa = PBXBuildFile; fileRef = 5DEA99231562D75B00F7AA40 /* MessageUI.framework */; };
		5DEA992C1562D7FB00F7AA40 /* InfoViewController.m in Sources */ = {isa = PBXBuildFile; fileRef = 5DEA99161562D71100F7AA40 /* InfoViewController.m */; };
		5DEA992E1562D7FB00F7AA40 /* DetailViewController.m in Sources */ = {isa = PBXBuildFile; fileRef = 5DEA99181562D71100F7AA40 /* DetailViewController.m */; };
		5DEA99301562D7FB00F7AA40 /* RootViewController.m in Sources */ = {isa = PBXBuildFile; fileRef = 5DEA991A1562D71100F7AA40 /* RootViewController.m */; };
		5DEA99341562D7FB00F7AA40 /* WordEntry.m in Sources */ = {isa = PBXBuildFile; fileRef = 5DEA991E1562D71100F7AA40 /* WordEntry.m */; };
		5DEA99361562D7FB00F7AA40 /* BBParser.m in Sources */ = {isa = PBXBuildFile; fileRef = 5DEA99201562D71100F7AA40 /* BBParser.m */; };
		5DEA99381562D7FB00F7AA40 /* TopLeftAlignedLabel.m in Sources */ = {isa = PBXBuildFile; fileRef = 5DEA99221562D71100F7AA40 /* TopLeftAlignedLabel.m */; };
		5DEA99431562EA7500F7AA40 /* BriathrachanAppDelegate.m in Sources */ = {isa = PBXBuildFile; fileRef = 5DEA99411562EA7500F7AA40 /* BriathrachanAppDelegate.m */; };
		5DEA99441562EA7500F7AA40 /* main.m in Sources */ = {isa = PBXBuildFile; fileRef = 5DEA99421562EA7500F7AA40 /* main.m */; };
		5DEA99481562EA8F00F7AA40 /* bb-codes.txt in Resources */ = {isa = PBXBuildFile; fileRef = 5DEA99451562EA8F00F7AA40 /* bb-codes.txt */; };
		5DEA99491562EA8F00F7AA40 /* Default.png in Resources */ = {isa = PBXBuildFile; fileRef = 5DEA99461562EA8F00F7AA40 /* Default.png */; };
		5DEA994A1562EA8F00F7AA40 /* Icon.png in Resources */ = {isa = PBXBuildFile; fileRef = 5DEA99471562EA8F00F7AA40 /* Icon.png */; };
		5DEA994D1562EAB300F7AA40 /* InfoPlist.strings in Resources */ = {isa = PBXBuildFile; fileRef = 5DEA994B1562EAB300F7AA40 /* InfoPlist.strings */; };
/* End PBXBuildFile section */

/* Begin PBXFileReference section */
		5DEA98F01562D6A600F7AA40 /* Briathrachan.app */ = {isa = PBXFileReference; explicitFileType = wrapper.application; includeInIndex = 0; path = Briathrachan.app; sourceTree = BUILT_PRODUCTS_DIR; };
		5DEA98F41562D6A600F7AA40 /* UIKit.framework */ = {isa = PBXFileReference; lastKnownFileType = wrapper.framework; name = UIKit.framework; path = System/Library/Frameworks/UIKit.framework; sourceTree = SDKROOT; };
		5DEA98F61562D6A600F7AA40 /* Foundation.framework */ = {isa = PBXFileReference; lastKnownFileType = wrapper.framework; name = Foundation.framework; path = System/Library/Frameworks/Foundation.framework; sourceTree = SDKROOT; };
		5DEA98F81562D6A600F7AA40 /* CoreGraphics.framework */ = {isa = PBXFileReference; lastKnownFileType = wrapper.framework; name = CoreGraphics.framework; path = System/Library/Frameworks/CoreGraphics.framework; sourceTree = SDKROOT; };
		5DEA990C1562D6F500F7AA40 /* RootViewController.xib */ = {isa = PBXFileReference; fileEncoding = 4; lastKnownFileType = file.xib; path = RootViewController.xib; sourceTree = "<group>"; };
		5DEA990D1562D6F500F7AA40 /* MainWindow.xib */ = {isa = PBXFileReference; fileEncoding = 4; lastKnownFileType = file.xib; path = MainWindow.xib; sourceTree = "<group>"; };
		5DEA990E1562D6F500F7AA40 /* DetailViewController.xib */ = {isa = PBXFileReference; fileEncoding = 4; lastKnownFileType = file.xib; path = DetailViewController.xib; sourceTree = "<group>"; };
		5DEA990F1562D6F500F7AA40 /* InfoViewController.xib */ = {isa = PBXFileReference; fileEncoding = 4; lastKnownFileType = file.xib; path = InfoViewController.xib; sourceTree = "<group>"; };
		5DEA99151562D71100F7AA40 /* InfoViewController.h */ = {isa = PBXFileReference; lastKnownFileType = sourcecode.c.h; path = InfoViewController.h; sourceTree = "<group>"; };
		5DEA99161562D71100F7AA40 /* InfoViewController.m */ = {isa = PBXFileReference; lastKnownFileType = sourcecode.c.objc; path = InfoViewController.m; sourceTree = "<group>"; };
		5DEA99171562D71100F7AA40 /* DetailViewController.h */ = {isa = PBXFileReference; lastKnownFileType = sourcecode.c.h; path = DetailViewController.h; sourceTree = "<group>"; };
		5DEA99181562D71100F7AA40 /* DetailViewController.m */ = {isa = PBXFileReference; lastKnownFileType = sourcecode.c.objc; path = DetailViewController.m; sourceTree = "<group>"; };
		5DEA99191562D71100F7AA40 /* RootViewController.h */ = {isa = PBXFileReference; lastKnownFileType = sourcecode.c.h; path = RootViewController.h; sourceTree = "<group>"; };
		5DEA991A1562D71100F7AA40 /* RootViewController.m */ = {isa = PBXFileReference; lastKnownFileType = sourcecode.c.objc; path = RootViewController.m; sourceTree = "<group>"; };
		5DEA991D1562D71100F7AA40 /* WordEntry.h */ = {isa = PBXFileReference; lastKnownFileType = sourcecode.c.h; path = WordEntry.h; sourceTree = "<group>"; };
		5DEA991E1562D71100F7AA40 /* WordEntry.m */ = {isa = PBXFileReference; lastKnownFileType = sourcecode.c.objc; path = WordEntry.m; sourceTree = "<group>"; };
		5DEA991F1562D71100F7AA40 /* BBParser.h */ = {isa = PBXFileReference; lastKnownFileType = sourcecode.c.h; path = BBParser.h; sourceTree = "<group>"; };
		5DEA99201562D71100F7AA40 /* BBParser.m */ = {isa = PBXFileReference; lastKnownFileType = sourcecode.c.objc; path = BBParser.m; sourceTree = "<group>"; };
		5DEA99211562D71100F7AA40 /* TopLeftAlignedLabel.h */ = {isa = PBXFileReference; lastKnownFileType = sourcecode.c.h; path = TopLeftAlignedLabel.h; sourceTree = "<group>"; };
		5DEA99221562D71100F7AA40 /* TopLeftAlignedLabel.m */ = {isa = PBXFileReference; lastKnownFileType = sourcecode.c.objc; path = TopLeftAlignedLabel.m; sourceTree = "<group>"; };
		5DEA99231562D75B00F7AA40 /* MessageUI.framework */ = {isa = PBXFileReference; lastKnownFileType = wrapper.framework; name = MessageUI.framework; path = System/Library/Frameworks/MessageUI.framework; sourceTree = SDKROOT; };
		5DEA993F1562EA7500F7AA40 /* Briathrachan-Prefix.pch */ = {isa = PBXFileReference; fileEncoding = 4; lastKnownFileType = sourcecode.c.h; path = "Briathrachan-Prefix.pch"; sourceTree = SOURCE_ROOT; };
		5DEA99401562EA7500F7AA40 /* BriathrachanAppDelegate.h */ = {isa = PBXFileReference; fileEncoding = 4; lastKnownFileType = sourcecode.c.h; path = BriathrachanAppDelegate.h; sourceTree = SOURCE_ROOT; };
		5DEA99411562EA7500F7AA40 /* BriathrachanAppDelegate.m */ = {isa = PBXFileReference; fileEncoding = 4; lastKnownFileType = sourcecode.c.objc; path = BriathrachanAppDelegate.m; sourceTree = SOURCE_ROOT; };
		5DEA99421562EA7500F7AA40 /* main.m */ = {isa = PBXFileReference; fileEncoding = 4; lastKnownFileType = sourcecode.c.objc; path = main.m; sourceTree = SOURCE_ROOT; };
		5DEA99451562EA8F00F7AA40 /* bb-codes.txt */ = {isa = PBXFileReference; fileEncoding = 4; lastKnownFileType = text; path = "bb-codes.txt"; sourceTree = SOURCE_ROOT; };
		5DEA99461562EA8F00F7AA40 /* Default.png */ = {isa = PBXFileReference; lastKnownFileType = image.png; path = Default.png; sourceTree = SOURCE_ROOT; };
		5DEA99471562EA8F00F7AA40 /* Icon.png */ = {isa = PBXFileReference; lastKnownFileType = image.png; path = Icon.png; sourceTree = SOURCE_ROOT; };
		5DEA994C1562EAB300F7AA40 /* en */ = {isa = PBXFileReference; lastKnownFileType = text.plist.strings; name = en; path = en.lproj/InfoPlist.strings; sourceTree = SOURCE_ROOT; };
		5DEA994E1562EABF00F7AA40 /* Briathrachan-Info.plist */ = {isa = PBXFileReference; fileEncoding = 4; lastKnownFileType = text.plist.xml; path = "Briathrachan-Info.plist"; sourceTree = SOURCE_ROOT; };
/* End PBXFileReference section */

/* Begin PBXFrameworksBuildPhase section */
		5DEA98ED1562D6A600F7AA40 /* Frameworks */ = {
			isa = PBXFrameworksBuildPhase;
			buildActionMask = 2147483647;
			files = (
				5DEA99241562D75B00F7AA40 /* MessageUI.framework in Frameworks */,
				5DEA98F51562D6A600F7AA40 /* UIKit.framework in Frameworks */,
				5DEA98F71562D6A600F7AA40 /* Foundation.framework in Frameworks */,
				5DEA98F91562D6A600F7AA40 /* CoreGraphics.framework in Frameworks */,
			);
			runOnlyForDeploymentPostprocessing = 0;
		};
/* End PBXFrameworksBuildPhase section */

/* Begin PBXGroup section */
		5DEA98E51562D6A600F7AA40 = {
			isa = PBXGroup;
			children = (
				5DEA98FB1562D6A600F7AA40 /* Supporting Files */,
				5DEA99141562D70300F7AA40 /* Classes */,
				5DEA990B1562D6EA00F7AA40 /* XIB */,
				5DEA98FA1562D6A600F7AA40 /* Other sources */,
				5DEA98F31562D6A600F7AA40 /* Frameworks */,
				5DEA98F11562D6A600F7AA40 /* Products */,
			);
			sourceTree = "<group>";
		};
		5DEA98F11562D6A600F7AA40 /* Products */ = {
			isa = PBXGroup;
			children = (
				5DEA98F01562D6A600F7AA40 /* Briathrachan.app */,
			);
			name = Products;
			sourceTree = "<group>";
		};
		5DEA98F31562D6A600F7AA40 /* Frameworks */ = {
			isa = PBXGroup;
			children = (
				5DEA99231562D75B00F7AA40 /* MessageUI.framework */,
				5DEA98F41562D6A600F7AA40 /* UIKit.framework */,
				5DEA98F61562D6A600F7AA40 /* Foundation.framework */,
				5DEA98F81562D6A600F7AA40 /* CoreGraphics.framework */,
			);
			name = Frameworks;
			sourceTree = "<group>";
		};
		5DEA98FA1562D6A600F7AA40 /* Other sources */ = {
			isa = PBXGroup;
			children = (
				5DEA993F1562EA7500F7AA40 /* Briathrachan-Prefix.pch */,
				5DEA99401562EA7500F7AA40 /* BriathrachanAppDelegate.h */,
				5DEA99411562EA7500F7AA40 /* BriathrachanAppDelegate.m */,
				5DEA99421562EA7500F7AA40 /* main.m */,
			);
			name = "Other sources";
			path = Briathrachan;
			sourceTree = "<group>";
		};
		5DEA98FB1562D6A600F7AA40 /* Supporting Files */ = {
			isa = PBXGroup;
			children = (
				5DEA994E1562EABF00F7AA40 /* Briathrachan-Info.plist */,
				5DEA994B1562EAB300F7AA40 /* InfoPlist.strings */,
				5DEA99451562EA8F00F7AA40 /* bb-codes.txt */,
				5DEA99461562EA8F00F7AA40 /* Default.png */,
				5DEA99471562EA8F00F7AA40 /* Icon.png */,
			);
			name = "Supporting Files";
			path = Briathrachan;
			sourceTree = "<group>";
		};
		5DEA990B1562D6EA00F7AA40 /* XIB */ = {
			isa = PBXGroup;
			children = (
				5DEA990C1562D6F500F7AA40 /* RootViewController.xib */,
				5DEA990D1562D6F500F7AA40 /* MainWindow.xib */,
				5DEA990E1562D6F500F7AA40 /* DetailViewController.xib */,
				5DEA990F1562D6F500F7AA40 /* InfoViewController.xib */,
			);
			name = XIB;
			sourceTree = "<group>";
		};
		5DEA99141562D70300F7AA40 /* Classes */ = {
			isa = PBXGroup;
			children = (
				5DEA99151562D71100F7AA40 /* InfoViewController.h */,
				5DEA99161562D71100F7AA40 /* InfoViewController.m */,
				5DEA99171562D71100F7AA40 /* DetailViewController.h */,
				5DEA99181562D71100F7AA40 /* DetailViewController.m */,
				5DEA99191562D71100F7AA40 /* RootViewController.h */,
				5DEA991A1562D71100F7AA40 /* RootViewController.m */,
				5DEA991D1562D71100F7AA40 /* WordEntry.h */,
				5DEA991E1562D71100F7AA40 /* WordEntry.m */,
				5DEA991F1562D71100F7AA40 /* BBParser.h */,
				5DEA99201562D71100F7AA40 /* BBParser.m */,
				5DEA99211562D71100F7AA40 /* TopLeftAlignedLabel.h */,
				5DEA99221562D71100F7AA40 /* TopLeftAlignedLabel.m */,
			);
			name = Classes;
			sourceTree = "<group>";
		};
/* End PBXGroup section */

/* Begin PBXNativeTarget section */
		5DEA98EF1562D6A600F7AA40 /* Briathrachan */ = {
			isa = PBXNativeTarget;
			buildConfigurationList = 5DEA99081562D6A600F7AA40 /* Build configuration list for PBXNativeTarget "Briathrachan" */;
			buildPhases = (
				5DEA98EE1562D6A600F7AA40 /* Resources */,
				5DEA98EC1562D6A600F7AA40 /* Sources */,
				5DEA98ED1562D6A600F7AA40 /* Frameworks */,
			);
			buildRules = (
			);
			dependencies = (
			);
			name = Briathrachan;
			productName = Briathrachan;
			productReference = 5DEA98F01562D6A600F7AA40 /* Briathrachan.app */;
			productType = "com.apple.product-type.application";
		};
/* End PBXNativeTarget section */

/* Begin PBXProject section */
		5DEA98E71562D6A600F7AA40 /* Project object */ = {
			isa = PBXProject;
			attributes = {
				LastUpgradeCheck = 0430;
			};
			buildConfigurationList = 5DEA98EA1562D6A600F7AA40 /* Build configuration list for PBXProject "Briathrachan" */;
			compatibilityVersion = "Xcode 3.2";
			developmentRegion = English;
			hasScannedForEncodings = 0;
			knownRegions = (
				en,
			);
			mainGroup = 5DEA98E51562D6A600F7AA40;
			productRefGroup = 5DEA98F11562D6A600F7AA40 /* Products */;
			projectDirPath = "";
			projectRoot = "";
			targets = (
				5DEA98EF1562D6A600F7AA40 /* Briathrachan */,
			);
		};
/* End PBXProject section */

/* Begin PBXResourcesBuildPhase section */
		5DEA98EE1562D6A600F7AA40 /* Resources */ = {
			isa = PBXResourcesBuildPhase;
			buildActionMask = 2147483647;
			files = (
				5DEA99101562D6F500F7AA40 /* RootViewController.xib in Resources */,
				5DEA99111562D6F500F7AA40 /* MainWindow.xib in Resources */,
				5DEA99121562D6F500F7AA40 /* DetailViewController.xib in Resources */,
				5DEA99131562D6F500F7AA40 /* InfoViewController.xib in Resources */,
				5DEA99481562EA8F00F7AA40 /* bb-codes.txt in Resources */,
				5DEA99491562EA8F00F7AA40 /* Default.png in Resources */,
				5DEA994A1562EA8F00F7AA40 /* Icon.png in Resources */,
				5DEA994D1562EAB300F7AA40 /* InfoPlist.strings in Resources */,
			);
			runOnlyForDeploymentPostprocessing = 0;
		};
/* End PBXResourcesBuildPhase section */

/* Begin PBXSourcesBuildPhase section */
		5DEA98EC1562D6A600F7AA40 /* Sources */ = {
			isa = PBXSourcesBuildPhase;
			buildActionMask = 2147483647;
			files = (
				5DEA992C1562D7FB00F7AA40 /* InfoViewController.m in Sources */,
				5DEA992E1562D7FB00F7AA40 /* DetailViewController.m in Sources */,
				5DEA99301562D7FB00F7AA40 /* RootViewController.m in Sources */,
				5DEA99341562D7FB00F7AA40 /* WordEntry.m in Sources */,
				5DEA99361562D7FB00F7AA40 /* BBParser.m in Sources */,
				5DEA99381562D7FB00F7AA40 /* TopLeftAlignedLabel.m in Sources */,
				5DEA99431562EA7500F7AA40 /* BriathrachanAppDelegate.m in Sources */,
				5DEA99441562EA7500F7AA40 /* main.m in Sources */,
			);
			runOnlyForDeploymentPostprocessing = 0;
		};
/* End PBXSourcesBuildPhase section */

/* Begin PBXVariantGroup section */
		5DEA994B1562EAB300F7AA40 /* InfoPlist.strings */ = {
			isa = PBXVariantGroup;
			children = (
				5DEA994C1562EAB300F7AA40 /* en */,
			);
			name = InfoPlist.strings;
			sourceTree = "<group>";
		};
/* End PBXVariantGroup section */

/* Begin XCBuildConfiguration section */
		5DEA99061562D6A600F7AA40 /* Debug */ = {
			isa = XCBuildConfiguration;
			buildSettings = {
				ALWAYS_SEARCH_USER_PATHS = NO;
				ARCHS = "$(ARCHS_STANDARD_32_BIT)";
				"CODE_SIGN_IDENTITY[sdk=iphoneos*]" = "iPhone Developer";
				COPY_PHASE_STRIP = NO;
				GCC_C_LANGUAGE_STANDARD = gnu99;
				GCC_DYNAMIC_NO_PIC = NO;
				GCC_OPTIMIZATION_LEVEL = 0;
				GCC_PREPROCESSOR_DEFINITIONS = (
					"DEBUG=1",
					"$(inherited)",
				);
				GCC_SYMBOLS_PRIVATE_EXTERN = NO;
				GCC_VERSION = com.apple.compilers.llvm.clang.1_0;
				GCC_WARN_ABOUT_RETURN_TYPE = YES;
				GCC_WARN_UNINITIALIZED_AUTOS = YES;
				GCC_WARN_UNUSED_VARIABLE = YES;
				IPHONEOS_DEPLOYMENT_TARGET = 6.0;
				SDKROOT = iphoneos;
			};
			name = Debug;
		};
		5DEA99071562D6A600F7AA40 /* Release */ = {
			isa = XCBuildConfiguration;
			buildSettings = {
				ALWAYS_SEARCH_USER_PATHS = NO;
				ARCHS = "$(ARCHS_STANDARD_32_BIT)";
				"CODE_SIGN_IDENTITY[sdk=iphoneos*]" = "iPhone Developer";
				COPY_PHASE_STRIP = YES;
				GCC_C_LANGUAGE_STANDARD = gnu99;
				GCC_VERSION = com.apple.compilers.llvm.clang.1_0;
				GCC_WARN_ABOUT_RETURN_TYPE = YES;
				GCC_WARN_UNINITIALIZED_AUTOS = YES;
				GCC_WARN_UNUSED_VARIABLE = YES;
				IPHONEOS_DEPLOYMENT_TARGET = 6.0;
				OTHER_CFLAGS = "-DNS_BLOCK_ASSERTIONS=1";
				SDKROOT = iphoneos;
				VALIDATE_PRODUCT = YES;
			};
			name = Release;
		};
		5DEA99091562D6A600F7AA40 /* Debug */ = {
			isa = XCBuildConfiguration;
			buildSettings = {
				CLANG_ENABLE_OBJC_ARC = YES;
				GCC_PRECOMPILE_PREFIX_HEADER = YES;
				GCC_PREFIX_HEADER = "Briathrachan-Prefix.pch";
				INFOPLIST_FILE = "Briathrachan-Info.plist";
				IPHONEOS_DEPLOYMENT_TARGET = 6.0;
				PRODUCT_NAME = "$(TARGET_NAME)";
				WRAPPER_EXTENSION = app;
			};
			name = Debug;
		};
		5DEA990A1562D6A600F7AA40 /* Release */ = {
			isa = XCBuildConfiguration;
			buildSettings = {
				CLANG_ENABLE_OBJC_ARC = YES;
				GCC_PRECOMPILE_PREFIX_HEADER = YES;
				GCC_PREFIX_HEADER = "Briathrachan-Prefix.pch";
				INFOPLIST_FILE = "Briathrachan-Info.plist";
				IPHONEOS_DEPLOYMENT_TARGET = 6.0;
				PRODUCT_NAME = "$(TARGET_NAME)";
				WRAPPER_EXTENSION = app;
			};
			name = Release;
		};
/* End XCBuildConfiguration section */

/* Begin XCConfigurationList section */
		5DEA98EA1562D6A600F7AA40 /* Build configuration list for PBXProject "Briathrachan" */ = {
			isa = XCConfigurationList;
			buildConfigurations = (
				5DEA99061562D6A600F7AA40 /* Debug */,
				5DEA99071562D6A600F7AA40 /* Release */,
			);
			defaultConfigurationIsVisible = 0;
			defaultConfigurationName = Release;
		};
		5DEA99081562D6A600F7AA40 /* Build configuration list for PBXNativeTarget "Briathrachan" */ = {
			isa = XCConfigurationList;
			buildConfigurations = (
				5DEA99091562D6A600F7AA40 /* Debug */,
				5DEA990A1562D6A600F7AA40 /* Release */,
			);
			defaultConfigurationIsVisible = 0;
			defaultConfigurationName = Release;
		};
/* End XCConfigurationList section */
	};
	rootObject = 5DEA98E71562D6A600F7AA40 /* Project object */;
}
