// !$*UTF8*$!
{
	archiveVersion = 1;
	classes = {
	};
	objectVersion = 46;
	objects = {

/* Begin PBXBuildFile section */
		5D4079C218B65FF900382B97 /* Foundation.framework in Frameworks */ = {isa = PBXBuildFile; fileRef = 5D4079C118B65FF900382B97 /* Foundation.framework */; };
		5D4079C418B65FF900382B97 /* CoreGraphics.framework in Frameworks */ = {isa = PBXBuildFile; fileRef = 5D4079C318B65FF900382B97 /* CoreGraphics.framework */; };
		5D4079C618B65FF900382B97 /* UIKit.framework in Frameworks */ = {isa = PBXBuildFile; fileRef = 5D4079C518B65FF900382B97 /* UIKit.framework */; };
		5D4079CC18B65FF900382B97 /* InfoPlist.strings in Resources */ = {isa = PBXBuildFile; fileRef = 5D4079CA18B65FF900382B97 /* InfoPlist.strings */; };
		5D4079CE18B65FF900382B97 /* main.m in Sources */ = {isa = PBXBuildFile; fileRef = 5D4079CD18B65FF900382B97 /* main.m */; };
		5D4079D218B65FF900382B97 /* BBAppDelegate.m in Sources */ = {isa = PBXBuildFile; fileRef = 5D4079D118B65FF900382B97 /* BBAppDelegate.m */; };
		5D4079D518B65FF900382B97 /* Main.storyboard in Resources */ = {isa = PBXBuildFile; fileRef = 5D4079D318B65FF900382B97 /* Main.storyboard */; };
		5D4079D818B65FF900382B97 /* BBMasterViewController.m in Sources */ = {isa = PBXBuildFile; fileRef = 5D4079D718B65FF900382B97 /* BBMasterViewController.m */; };
		5D4079DB18B65FF900382B97 /* BBWordDetailController.m in Sources */ = {isa = PBXBuildFile; fileRef = 5D4079DA18B65FF900382B97 /* BBWordDetailController.m */; };
		5D4079DD18B65FF900382B97 /* Images.xcassets in Resources */ = {isa = PBXBuildFile; fileRef = 5D4079DC18B65FF900382B97 /* Images.xcassets */; };
		5D4079E418B65FF900382B97 /* XCTest.framework in Frameworks */ = {isa = PBXBuildFile; fileRef = 5D4079E318B65FF900382B97 /* XCTest.framework */; };
		5D4079E518B65FF900382B97 /* Foundation.framework in Frameworks */ = {isa = PBXBuildFile; fileRef = 5D4079C118B65FF900382B97 /* Foundation.framework */; };
		5D4079E618B65FF900382B97 /* UIKit.framework in Frameworks */ = {isa = PBXBuildFile; fileRef = 5D4079C518B65FF900382B97 /* UIKit.framework */; };
		5D4079EE18B65FF900382B97 /* InfoPlist.strings in Resources */ = {isa = PBXBuildFile; fileRef = 5D4079EC18B65FF900382B97 /* InfoPlist.strings */; };
		5D4079FD18B660AE00382B97 /* BBWordEntry.m in Sources */ = {isa = PBXBuildFile; fileRef = 5D4079FA18B660AE00382B97 /* BBWordEntry.m */; };
		5D4079FE18B660AE00382B97 /* BBParser.m in Sources */ = {isa = PBXBuildFile; fileRef = 5D4079FC18B660AE00382B97 /* BBParser.m */; };
		5D407A0018B660F400382B97 /* dictionary.txt in Resources */ = {isa = PBXBuildFile; fileRef = 5D4079FF18B660F400382B97 /* dictionary.txt */; };
		5DE850CB18B74B4600553EA4 /* TBTopLeftAlignedLabel.m in Sources */ = {isa = PBXBuildFile; fileRef = 5DE850CA18B74B4600553EA4 /* TBTopLeftAlignedLabel.m */; };
		5DE850CE18B7AEA700553EA4 /* BBInfoViewController.m in Sources */ = {isa = PBXBuildFile; fileRef = 5DE850CD18B7AEA700553EA4 /* BBInfoViewController.m */; };
		5DE850D018B7E65600553EA4 /* MessageUI.framework in Frameworks */ = {isa = PBXBuildFile; fileRef = 5DE850CF18B7E65600553EA4 /* MessageUI.framework */; };
		5DE850D218B7E6D900553EA4 /* icon-retina.png in Resources */ = {isa = PBXBuildFile; fileRef = 5DE850D118B7E6D900553EA4 /* icon-retina.png */; };
		5DE850D518B7E89600553EA4 /* default-small.png in Resources */ = {isa = PBXBuildFile; fileRef = 5DE850D318B7E89600553EA4 /* default-small.png */; };
		5DE850D618B7E89600553EA4 /* default-large.png in Resources */ = {isa = PBXBuildFile; fileRef = 5DE850D418B7E89600553EA4 /* default-large.png */; };
/* End PBXBuildFile section */

/* Begin PBXContainerItemProxy section */
		5D4079E718B65FF900382B97 /* PBXContainerItemProxy */ = {
			isa = PBXContainerItemProxy;
			containerPortal = 5D4079B618B65FF900382B97 /* Project object */;
			proxyType = 1;
			remoteGlobalIDString = 5D4079BD18B65FF900382B97;
			remoteInfo = Briathrachan;
		};
/* End PBXContainerItemProxy section */

/* Begin PBXFileReference section */
		5D4079BE18B65FF900382B97 /* Briathrachan.app */ = {isa = PBXFileReference; explicitFileType = wrapper.application; includeInIndex = 0; path = Briathrachan.app; sourceTree = BUILT_PRODUCTS_DIR; };
		5D4079C118B65FF900382B97 /* Foundation.framework */ = {isa = PBXFileReference; lastKnownFileType = wrapper.framework; name = Foundation.framework; path = System/Library/Frameworks/Foundation.framework; sourceTree = SDKROOT; };
		5D4079C318B65FF900382B97 /* CoreGraphics.framework */ = {isa = PBXFileReference; lastKnownFileType = wrapper.framework; name = CoreGraphics.framework; path = System/Library/Frameworks/CoreGraphics.framework; sourceTree = SDKROOT; };
		5D4079C518B65FF900382B97 /* UIKit.framework */ = {isa = PBXFileReference; lastKnownFileType = wrapper.framework; name = UIKit.framework; path = System/Library/Frameworks/UIKit.framework; sourceTree = SDKROOT; };
		5D4079C918B65FF900382B97 /* Briathrachan-Info.plist */ = {isa = PBXFileReference; lastKnownFileType = text.plist.xml; path = "Briathrachan-Info.plist"; sourceTree = "<group>"; };
		5D4079CB18B65FF900382B97 /* en */ = {isa = PBXFileReference; lastKnownFileType = text.plist.strings; name = en; path = en.lproj/InfoPlist.strings; sourceTree = "<group>"; };
		5D4079CD18B65FF900382B97 /* main.m */ = {isa = PBXFileReference; lastKnownFileType = sourcecode.c.objc; path = main.m; sourceTree = "<group>"; };
		5D4079CF18B65FF900382B97 /* Briathrachan-Prefix.pch */ = {isa = PBXFileReference; lastKnownFileType = sourcecode.c.h; path = "Briathrachan-Prefix.pch"; sourceTree = "<group>"; };
		5D4079D018B65FF900382B97 /* BBAppDelegate.h */ = {isa = PBXFileReference; lastKnownFileType = sourcecode.c.h; path = BBAppDelegate.h; sourceTree = "<group>"; };
		5D4079D118B65FF900382B97 /* BBAppDelegate.m */ = {isa = PBXFileReference; lastKnownFileType = sourcecode.c.objc; path = BBAppDelegate.m; sourceTree = "<group>"; };
		5D4079D418B65FF900382B97 /* Base */ = {isa = PBXFileReference; lastKnownFileType = file.storyboard; name = Base; path = Base.lproj/Main.storyboard; sourceTree = "<group>"; };
		5D4079D618B65FF900382B97 /* BBMasterViewController.h */ = {isa = PBXFileReference; lastKnownFileType = sourcecode.c.h; path = BBMasterViewController.h; sourceTree = "<group>"; };
		5D4079D718B65FF900382B97 /* BBMasterViewController.m */ = {isa = PBXFileReference; lastKnownFileType = sourcecode.c.objc; path = BBMasterViewController.m; sourceTree = "<group>"; };
		5D4079D918B65FF900382B97 /* BBWordDetailController.h */ = {isa = PBXFileReference; lastKnownFileType = sourcecode.c.h; path = BBWordDetailController.h; sourceTree = "<group>"; };
		5D4079DA18B65FF900382B97 /* BBWordDetailController.m */ = {isa = PBXFileReference; lastKnownFileType = sourcecode.c.objc; path = BBWordDetailController.m; sourceTree = "<group>"; };
		5D4079DC18B65FF900382B97 /* Images.xcassets */ = {isa = PBXFileReference; lastKnownFileType = folder.assetcatalog; name = Images.xcassets; path = Briathrachan/Images.xcassets; sourceTree = "<group>"; };
		5D4079E218B65FF900382B97 /* BriathrachanTests.xctest */ = {isa = PBXFileReference; explicitFileType = wrapper.cfbundle; includeInIndex = 0; path = BriathrachanTests.xctest; sourceTree = BUILT_PRODUCTS_DIR; };
		5D4079E318B65FF900382B97 /* XCTest.framework */ = {isa = PBXFileReference; lastKnownFileType = wrapper.framework; name = XCTest.framework; path = Library/Frameworks/XCTest.framework; sourceTree = DEVELOPER_DIR; };
		5D4079EB18B65FF900382B97 /* BriathrachanTests-Info.plist */ = {isa = PBXFileReference; lastKnownFileType = text.plist.xml; path = "BriathrachanTests-Info.plist"; sourceTree = "<group>"; };
		5D4079ED18B65FF900382B97 /* en */ = {isa = PBXFileReference; lastKnownFileType = text.plist.strings; name = en; path = en.lproj/InfoPlist.strings; sourceTree = "<group>"; };
		5D4079F918B660AE00382B97 /* BBWordEntry.h */ = {isa = PBXFileReference; fileEncoding = 4; lastKnownFileType = sourcecode.c.h; path = BBWordEntry.h; sourceTree = "<group>"; };
		5D4079FA18B660AE00382B97 /* BBWordEntry.m */ = {isa = PBXFileReference; fileEncoding = 4; lastKnownFileType = sourcecode.c.objc; path = BBWordEntry.m; sourceTree = "<group>"; };
		5D4079FB18B660AE00382B97 /* BBParser.h */ = {isa = PBXFileReference; fileEncoding = 4; lastKnownFileType = sourcecode.c.h; path = BBParser.h; sourceTree = "<group>"; };
		5D4079FC18B660AE00382B97 /* BBParser.m */ = {isa = PBXFileReference; fileEncoding = 4; lastKnownFileType = sourcecode.c.objc; path = BBParser.m; sourceTree = "<group>"; };
		5D4079FF18B660F400382B97 /* dictionary.txt */ = {isa = PBXFileReference; fileEncoding = 4; lastKnownFileType = text; name = dictionary.txt; path = Briathrachan/dictionary.txt; sourceTree = "<group>"; };
		5DE850C918B74B4600553EA4 /* TBTopLeftAlignedLabel.h */ = {isa = PBXFileReference; fileEncoding = 4; lastKnownFileType = sourcecode.c.h; path = TBTopLeftAlignedLabel.h; sourceTree = "<group>"; };
		5DE850CA18B74B4600553EA4 /* TBTopLeftAlignedLabel.m */ = {isa = PBXFileReference; fileEncoding = 4; lastKnownFileType = sourcecode.c.objc; path = TBTopLeftAlignedLabel.m; sourceTree = "<group>"; };
		5DE850CC18B7AEA700553EA4 /* BBInfoViewController.h */ = {isa = PBXFileReference; fileEncoding = 4; lastKnownFileType = sourcecode.c.h; path = BBInfoViewController.h; sourceTree = "<group>"; };
		5DE850CD18B7AEA700553EA4 /* BBInfoViewController.m */ = {isa = PBXFileReference; fileEncoding = 4; lastKnownFileType = sourcecode.c.objc; path = BBInfoViewController.m; sourceTree = "<group>"; };
		5DE850CF18B7E65600553EA4 /* MessageUI.framework */ = {isa = PBXFileReference; lastKnownFileType = wrapper.framework; name = MessageUI.framework; path = System/Library/Frameworks/MessageUI.framework; sourceTree = SDKROOT; };
		5DE850D118B7E6D900553EA4 /* icon-retina.png */ = {isa = PBXFileReference; lastKnownFileType = image.png; path = "icon-retina.png"; sourceTree = "<group>"; };
		5DE850D318B7E89600553EA4 /* default-small.png */ = {isa = PBXFileReference; lastKnownFileType = image.png; path = "default-small.png"; sourceTree = "<group>"; };
		5DE850D418B7E89600553EA4 /* default-large.png */ = {isa = PBXFileReference; lastKnownFileType = image.png; path = "default-large.png"; sourceTree = "<group>"; };
/* End PBXFileReference section */

/* Begin PBXFrameworksBuildPhase section */
		5D4079BB18B65FF900382B97 /* Frameworks */ = {
			isa = PBXFrameworksBuildPhase;
			buildActionMask = 2147483647;
			files = (
				5DE850D018B7E65600553EA4 /* MessageUI.framework in Frameworks */,
				5D4079C418B65FF900382B97 /* CoreGraphics.framework in Frameworks */,
				5D4079C618B65FF900382B97 /* UIKit.framework in Frameworks */,
				5D4079C218B65FF900382B97 /* Foundation.framework in Frameworks */,
			);
			runOnlyForDeploymentPostprocessing = 0;
		};
		5D4079DF18B65FF900382B97 /* Frameworks */ = {
			isa = PBXFrameworksBuildPhase;
			buildActionMask = 2147483647;
			files = (
				5D4079E418B65FF900382B97 /* XCTest.framework in Frameworks */,
				5D4079E618B65FF900382B97 /* UIKit.framework in Frameworks */,
				5D4079E518B65FF900382B97 /* Foundation.framework in Frameworks */,
			);
			runOnlyForDeploymentPostprocessing = 0;
		};
/* End PBXFrameworksBuildPhase section */

/* Begin PBXGroup section */
		5D4079B518B65FF900382B97 = {
			isa = PBXGroup;
			children = (
				5D4079C718B65FF900382B97 /* Classes */,
				5D407A0218B7333700382B97 /* Storyboards */,
				5D407A0118B7330D00382B97 /* Resources */,
				5D4079C818B65FF900382B97 /* Supporting Files */,
				5D4079E918B65FF900382B97 /* BriathrachanTests */,
				5D4079C018B65FF900382B97 /* Frameworks */,
				5D4079BF18B65FF900382B97 /* Products */,
			);
			sourceTree = "<group>";
		};
		5D4079BF18B65FF900382B97 /* Products */ = {
			isa = PBXGroup;
			children = (
				5D4079BE18B65FF900382B97 /* Briathrachan.app */,
				5D4079E218B65FF900382B97 /* BriathrachanTests.xctest */,
			);
			name = Products;
			sourceTree = "<group>";
		};
		5D4079C018B65FF900382B97 /* Frameworks */ = {
			isa = PBXGroup;
			children = (
				5DE850CF18B7E65600553EA4 /* MessageUI.framework */,
				5D4079C118B65FF900382B97 /* Foundation.framework */,
				5D4079C318B65FF900382B97 /* CoreGraphics.framework */,
				5D4079C518B65FF900382B97 /* UIKit.framework */,
				5D4079E318B65FF900382B97 /* XCTest.framework */,
			);
			name = Frameworks;
			sourceTree = "<group>";
		};
		5D4079C718B65FF900382B97 /* Classes */ = {
			isa = PBXGroup;
			children = (
				5DE850C918B74B4600553EA4 /* TBTopLeftAlignedLabel.h */,
				5DE850CA18B74B4600553EA4 /* TBTopLeftAlignedLabel.m */,
				5D4079F918B660AE00382B97 /* BBWordEntry.h */,
				5D4079FA18B660AE00382B97 /* BBWordEntry.m */,
				5D4079FB18B660AE00382B97 /* BBParser.h */,
				5D4079FC18B660AE00382B97 /* BBParser.m */,
				5D4079D018B65FF900382B97 /* BBAppDelegate.h */,
				5D4079D118B65FF900382B97 /* BBAppDelegate.m */,
				5D4079D618B65FF900382B97 /* BBMasterViewController.h */,
				5D4079D718B65FF900382B97 /* BBMasterViewController.m */,
				5D4079D918B65FF900382B97 /* BBWordDetailController.h */,
				5D4079DA18B65FF900382B97 /* BBWordDetailController.m */,
				5DE850CC18B7AEA700553EA4 /* BBInfoViewController.h */,
				5DE850CD18B7AEA700553EA4 /* BBInfoViewController.m */,
			);
			name = Classes;
			path = Briathrachan;
			sourceTree = "<group>";
		};
		5D4079C818B65FF900382B97 /* Supporting Files */ = {
			isa = PBXGroup;
			children = (
				5DE850D318B7E89600553EA4 /* default-small.png */,
				5DE850D418B7E89600553EA4 /* default-large.png */,
				5DE850D118B7E6D900553EA4 /* icon-retina.png */,
				5D4079C918B65FF900382B97 /* Briathrachan-Info.plist */,
				5D4079CA18B65FF900382B97 /* InfoPlist.strings */,
				5D4079CD18B65FF900382B97 /* main.m */,
				5D4079CF18B65FF900382B97 /* Briathrachan-Prefix.pch */,
			);
			name = "Supporting Files";
			path = Briathrachan;
			sourceTree = "<group>";
		};
		5D4079E918B65FF900382B97 /* BriathrachanTests */ = {
			isa = PBXGroup;
			children = (
				5D4079EA18B65FF900382B97 /* Supporting Files */,
			);
			path = BriathrachanTests;
			sourceTree = "<group>";
		};
		5D4079EA18B65FF900382B97 /* Supporting Files */ = {
			isa = PBXGroup;
			children = (
				5D4079EB18B65FF900382B97 /* BriathrachanTests-Info.plist */,
				5D4079EC18B65FF900382B97 /* InfoPlist.strings */,
			);
			name = "Supporting Files";
			sourceTree = "<group>";
		};
		5D407A0118B7330D00382B97 /* Resources */ = {
			isa = PBXGroup;
			children = (
				5D4079DC18B65FF900382B97 /* Images.xcassets */,
				5D4079FF18B660F400382B97 /* dictionary.txt */,
			);
			name = Resources;
			sourceTree = "<group>";
		};
		5D407A0218B7333700382B97 /* Storyboards */ = {
			isa = PBXGroup;
			children = (
				5D4079D318B65FF900382B97 /* Main.storyboard */,
			);
			name = Storyboards;
			path = Briathrachan;
			sourceTree = "<group>";
		};
/* End PBXGroup section */

/* Begin PBXNativeTarget section */
		5D4079BD18B65FF900382B97 /* Briathrachan */ = {
			isa = PBXNativeTarget;
			buildConfigurationList = 5D4079F318B65FF900382B97 /* Build configuration list for PBXNativeTarget "Briathrachan" */;
			buildPhases = (
				5D4079BA18B65FF900382B97 /* Sources */,
				5D4079BB18B65FF900382B97 /* Frameworks */,
				5D4079BC18B65FF900382B97 /* Resources */,
			);
			buildRules = (
			);
			dependencies = (
			);
			name = Briathrachan;
			productName = Briathrachan;
			productReference = 5D4079BE18B65FF900382B97 /* Briathrachan.app */;
			productType = "com.apple.product-type.application";
		};
		5D4079E118B65FF900382B97 /* BriathrachanTests */ = {
			isa = PBXNativeTarget;
			buildConfigurationList = 5D4079F618B65FF900382B97 /* Build configuration list for PBXNativeTarget "BriathrachanTests" */;
			buildPhases = (
				5D4079DE18B65FF900382B97 /* Sources */,
				5D4079DF18B65FF900382B97 /* Frameworks */,
				5D4079E018B65FF900382B97 /* Resources */,
			);
			buildRules = (
			);
			dependencies = (
				5D4079E818B65FF900382B97 /* PBXTargetDependency */,
			);
			name = BriathrachanTests;
			productName = BriathrachanTests;
			productReference = 5D4079E218B65FF900382B97 /* BriathrachanTests.xctest */;
			productType = "com.apple.product-type.bundle.unit-test";
		};
/* End PBXNativeTarget section */

/* Begin PBXProject section */
		5D4079B618B65FF900382B97 /* Project object */ = {
			isa = PBXProject;
			attributes = {
				CLASSPREFIX = TB;
				LastUpgradeCheck = 0500;
				ORGANIZATIONNAME = "Tobias Bayer";
				TargetAttributes = {
					5D4079BD18B65FF900382B97 = {
						DevelopmentTeam = 34GH2VR4MX;
					};
					5D4079E118B65FF900382B97 = {
						TestTargetID = 5D4079BD18B65FF900382B97;
					};
				};
			};
			buildConfigurationList = 5D4079B918B65FF900382B97 /* Build configuration list for PBXProject "Briathrachan" */;
			compatibilityVersion = "Xcode 3.2";
			developmentRegion = English;
			hasScannedForEncodings = 0;
			knownRegions = (
				en,
				Base,
			);
			mainGroup = 5D4079B518B65FF900382B97;
			productRefGroup = 5D4079BF18B65FF900382B97 /* Products */;
			projectDirPath = "";
			projectRoot = "";
			targets = (
				5D4079BD18B65FF900382B97 /* Briathrachan */,
				5D4079E118B65FF900382B97 /* BriathrachanTests */,
			);
		};
/* End PBXProject section */

/* Begin PBXResourcesBuildPhase section */
		5D4079BC18B65FF900382B97 /* Resources */ = {
			isa = PBXResourcesBuildPhase;
			buildActionMask = 2147483647;
			files = (
				5DE850D618B7E89600553EA4 /* default-large.png in Resources */,
				5D4079DD18B65FF900382B97 /* Images.xcassets in Resources */,
				5D407A0018B660F400382B97 /* dictionary.txt in Resources */,
				5DE850D218B7E6D900553EA4 /* icon-retina.png in Resources */,
				5D4079CC18B65FF900382B97 /* InfoPlist.strings in Resources */,
				5D4079D518B65FF900382B97 /* Main.storyboard in Resources */,
				5DE850D518B7E89600553EA4 /* default-small.png in Resources */,
			);
			runOnlyForDeploymentPostprocessing = 0;
		};
		5D4079E018B65FF900382B97 /* Resources */ = {
			isa = PBXResourcesBuildPhase;
			buildActionMask = 2147483647;
			files = (
				5D4079EE18B65FF900382B97 /* InfoPlist.strings in Resources */,
			);
			runOnlyForDeploymentPostprocessing = 0;
		};
/* End PBXResourcesBuildPhase section */

/* Begin PBXSourcesBuildPhase section */
		5D4079BA18B65FF900382B97 /* Sources */ = {
			isa = PBXSourcesBuildPhase;
			buildActionMask = 2147483647;
			files = (
				5DE850CE18B7AEA700553EA4 /* BBInfoViewController.m in Sources */,
				5D4079FE18B660AE00382B97 /* BBParser.m in Sources */,
				5D4079D218B65FF900382B97 /* BBAppDelegate.m in Sources */,
				5D4079FD18B660AE00382B97 /* BBWordEntry.m in Sources */,
				5DE850CB18B74B4600553EA4 /* TBTopLeftAlignedLabel.m in Sources */,
				5D4079D818B65FF900382B97 /* BBMasterViewController.m in Sources */,
				5D4079CE18B65FF900382B97 /* main.m in Sources */,
				5D4079DB18B65FF900382B97 /* BBWordDetailController.m in Sources */,
			);
			runOnlyForDeploymentPostprocessing = 0;
		};
		5D4079DE18B65FF900382B97 /* Sources */ = {
			isa = PBXSourcesBuildPhase;
			buildActionMask = 2147483647;
			files = (
			);
			runOnlyForDeploymentPostprocessing = 0;
		};
/* End PBXSourcesBuildPhase section */

/* Begin PBXTargetDependency section */
		5D4079E818B65FF900382B97 /* PBXTargetDependency */ = {
			isa = PBXTargetDependency;
			target = 5D4079BD18B65FF900382B97 /* Briathrachan */;
			targetProxy = 5D4079E718B65FF900382B97 /* PBXContainerItemProxy */;
		};
/* End PBXTargetDependency section */

/* Begin PBXVariantGroup section */
		5D4079CA18B65FF900382B97 /* InfoPlist.strings */ = {
			isa = PBXVariantGroup;
			children = (
				5D4079CB18B65FF900382B97 /* en */,
			);
			name = InfoPlist.strings;
			sourceTree = "<group>";
		};
		5D4079D318B65FF900382B97 /* Main.storyboard */ = {
			isa = PBXVariantGroup;
			children = (
				5D4079D418B65FF900382B97 /* Base */,
			);
			name = Main.storyboard;
			sourceTree = "<group>";
		};
		5D4079EC18B65FF900382B97 /* InfoPlist.strings */ = {
			isa = PBXVariantGroup;
			children = (
				5D4079ED18B65FF900382B97 /* en */,
			);
			name = InfoPlist.strings;
			sourceTree = "<group>";
		};
/* End PBXVariantGroup section */

/* Begin XCBuildConfiguration section */
		5D4079F118B65FF900382B97 /* Debug */ = {
			isa = XCBuildConfiguration;
			buildSettings = {
				ALWAYS_SEARCH_USER_PATHS = NO;
				ARCHS = "$(ARCHS_STANDARD_INCLUDING_64_BIT)";
				CLANG_CXX_LANGUAGE_STANDARD = "gnu++0x";
				CLANG_CXX_LIBRARY = "libc++";
				CLANG_ENABLE_MODULES = YES;
				CLANG_ENABLE_OBJC_ARC = YES;
				CLANG_WARN_BOOL_CONVERSION = YES;
				CLANG_WARN_CONSTANT_CONVERSION = YES;
				CLANG_WARN_DIRECT_OBJC_ISA_USAGE = YES_ERROR;
				CLANG_WARN_EMPTY_BODY = YES;
				CLANG_WARN_ENUM_CONVERSION = YES;
				CLANG_WARN_INT_CONVERSION = YES;
				CLANG_WARN_OBJC_ROOT_CLASS = YES_ERROR;
				CLANG_WARN__DUPLICATE_METHOD_MATCH = YES;
				"CODE_SIGN_IDENTITY[sdk=iphoneos*]" = "iPhone Developer";
				COPY_PHASE_STRIP = NO;
				GCC_C_LANGUAGE_STANDARD = gnu99;
				GCC_DYNAMIC_NO_PIC = NO;
				GCC_OPTIMIZATION_LEVEL = 0;
				GCC_PREPROCESSOR_DEFINITIONS = (
					"DEBUG=1",
					"$(inherited)",
				);
				GCC_SYMBOLS_PRIVATE_EXTERN = NO;
				GCC_WARN_64_TO_32_BIT_CONVERSION = YES;
				GCC_WARN_ABOUT_RETURN_TYPE = YES_ERROR;
				GCC_WARN_UNDECLARED_SELECTOR = YES;
				GCC_WARN_UNINITIALIZED_AUTOS = YES;
				GCC_WARN_UNUSED_FUNCTION = YES;
				GCC_WARN_UNUSED_VARIABLE = YES;
				IPHONEOS_DEPLOYMENT_TARGET = 7.0;
				ONLY_ACTIVE_ARCH = YES;
				SDKROOT = iphoneos;
			};
			name = Debug;
		};
		5D4079F218B65FF900382B97 /* Release */ = {
			isa = XCBuildConfiguration;
			buildSettings = {
				ALWAYS_SEARCH_USER_PATHS = NO;
				ARCHS = "$(ARCHS_STANDARD_INCLUDING_64_BIT)";
				CLANG_CXX_LANGUAGE_STANDARD = "gnu++0x";
				CLANG_CXX_LIBRARY = "libc++";
				CLANG_ENABLE_MODULES = YES;
				CLANG_ENABLE_OBJC_ARC = YES;
				CLANG_WARN_BOOL_CONVERSION = YES;
				CLANG_WARN_CONSTANT_CONVERSION = YES;
				CLANG_WARN_DIRECT_OBJC_ISA_USAGE = YES_ERROR;
				CLANG_WARN_EMPTY_BODY = YES;
				CLANG_WARN_ENUM_CONVERSION = YES;
				CLANG_WARN_INT_CONVERSION = YES;
				CLANG_WARN_OBJC_ROOT_CLASS = YES_ERROR;
				CLANG_WARN__DUPLICATE_METHOD_MATCH = YES;
				"CODE_SIGN_IDENTITY[sdk=iphoneos*]" = "iPhone Developer";
				COPY_PHASE_STRIP = YES;
				ENABLE_NS_ASSERTIONS = NO;
				GCC_C_LANGUAGE_STANDARD = gnu99;
				GCC_WARN_64_TO_32_BIT_CONVERSION = YES;
				GCC_WARN_ABOUT_RETURN_TYPE = YES_ERROR;
				GCC_WARN_UNDECLARED_SELECTOR = YES;
				GCC_WARN_UNINITIALIZED_AUTOS = YES;
				GCC_WARN_UNUSED_FUNCTION = YES;
				GCC_WARN_UNUSED_VARIABLE = YES;
				IPHONEOS_DEPLOYMENT_TARGET = 7.0;
				SDKROOT = iphoneos;
				VALIDATE_PRODUCT = YES;
			};
			name = Release;
		};
		5D4079F418B65FF900382B97 /* Debug */ = {
			isa = XCBuildConfiguration;
			buildSettings = {
				ASSETCATALOG_COMPILER_APPICON_NAME = AppIcon;
				ASSETCATALOG_COMPILER_LAUNCHIMAGE_NAME = LaunchImage;
				CODE_SIGN_IDENTITY = "iPhone Developer";
				"CODE_SIGN_IDENTITY[sdk=iphoneos*]" = "iPhone Developer";
				GCC_PRECOMPILE_PREFIX_HEADER = YES;
				GCC_PREFIX_HEADER = "Briathrachan/Briathrachan-Prefix.pch";
				INFOPLIST_FILE = "Briathrachan/Briathrachan-Info.plist";
				PRODUCT_NAME = "$(TARGET_NAME)";
				PROVISIONING_PROFILE = "";
				WRAPPER_EXTENSION = app;
			};
			name = Debug;
		};
		5D4079F518B65FF900382B97 /* Release */ = {
			isa = XCBuildConfiguration;
			buildSettings = {
				ASSETCATALOG_COMPILER_APPICON_NAME = AppIcon;
				ASSETCATALOG_COMPILER_LAUNCHIMAGE_NAME = LaunchImage;
				CODE_SIGN_IDENTITY = "iPhone Developer";
				"CODE_SIGN_IDENTITY[sdk=iphoneos*]" = "iPhone Developer";
				GCC_PRECOMPILE_PREFIX_HEADER = YES;
				GCC_PREFIX_HEADER = "Briathrachan/Briathrachan-Prefix.pch";
				INFOPLIST_FILE = "Briathrachan/Briathrachan-Info.plist";
				PRODUCT_NAME = "$(TARGET_NAME)";
				PROVISIONING_PROFILE = "";
				WRAPPER_EXTENSION = app;
			};
			name = Release;
		};
		5D4079F718B65FF900382B97 /* Debug */ = {
			isa = XCBuildConfiguration;
			buildSettings = {
				ARCHS = "$(ARCHS_STANDARD_INCLUDING_64_BIT)";
				BUNDLE_LOADER = "$(BUILT_PRODUCTS_DIR)/Briathrachan.app/Briathrachan";
				FRAMEWORK_SEARCH_PATHS = (
					"$(SDKROOT)/Developer/Library/Frameworks",
					"$(inherited)",
					"$(DEVELOPER_FRAMEWORKS_DIR)",
				);
				GCC_PRECOMPILE_PREFIX_HEADER = YES;
				GCC_PREFIX_HEADER = "Briathrachan/Briathrachan-Prefix.pch";
				GCC_PREPROCESSOR_DEFINITIONS = (
					"DEBUG=1",
					"$(inherited)",
				);
				INFOPLIST_FILE = "BriathrachanTests/BriathrachanTests-Info.plist";
				PRODUCT_NAME = "$(TARGET_NAME)";
				TEST_HOST = "$(BUNDLE_LOADER)";
				WRAPPER_EXTENSION = xctest;
			};
			name = Debug;
		};
		5D4079F818B65FF900382B97 /* Release */ = {
			isa = XCBuildConfiguration;
			buildSettings = {
				ARCHS = "$(ARCHS_STANDARD_INCLUDING_64_BIT)";
				BUNDLE_LOADER = "$(BUILT_PRODUCTS_DIR)/Briathrachan.app/Briathrachan";
				FRAMEWORK_SEARCH_PATHS = (
					"$(SDKROOT)/Developer/Library/Frameworks",
					"$(inherited)",
					"$(DEVELOPER_FRAMEWORKS_DIR)",
				);
				GCC_PRECOMPILE_PREFIX_HEADER = YES;
				GCC_PREFIX_HEADER = "Briathrachan/Briathrachan-Prefix.pch";
				INFOPLIST_FILE = "BriathrachanTests/BriathrachanTests-Info.plist";
				PRODUCT_NAME = "$(TARGET_NAME)";
				TEST_HOST = "$(BUNDLE_LOADER)";
				WRAPPER_EXTENSION = xctest;
			};
			name = Release;
		};
/* End XCBuildConfiguration section */

/* Begin XCConfigurationList section */
		5D4079B918B65FF900382B97 /* Build configuration list for PBXProject "Briathrachan" */ = {
			isa = XCConfigurationList;
			buildConfigurations = (
				5D4079F118B65FF900382B97 /* Debug */,
				5D4079F218B65FF900382B97 /* Release */,
			);
			defaultConfigurationIsVisible = 0;
			defaultConfigurationName = Release;
		};
		5D4079F318B65FF900382B97 /* Build configuration list for PBXNativeTarget "Briathrachan" */ = {
			isa = XCConfigurationList;
			buildConfigurations = (
				5D4079F418B65FF900382B97 /* Debug */,
				5D4079F518B65FF900382B97 /* Release */,
			);
			defaultConfigurationIsVisible = 0;
			defaultConfigurationName = Release;
		};
		5D4079F618B65FF900382B97 /* Build configuration list for PBXNativeTarget "BriathrachanTests" */ = {
			isa = XCConfigurationList;
			buildConfigurations = (
				5D4079F718B65FF900382B97 /* Debug */,
				5D4079F818B65FF900382B97 /* Release */,
			);
			defaultConfigurationIsVisible = 0;
			defaultConfigurationName = Release;
		};
/* End XCConfigurationList section */
	};
	rootObject = 5D4079B618B65FF900382B97 /* Project object */;
}
